
Microsoft Visual Studio Solution File, Format Version 12.00
# Visual Studio Version 16
VisualStudioVersion = 16.0.29806.167
MinimumVisualStudioVersion = 10.0.40219.1
Project("{2150E333-8FDC-42A3-9474-1A3956D46DE8}") = "src", "src", "{B86E5AA1-1703-4118-8C20-F11B9034B4A1}"
EndProject
Project("{2150E333-8FDC-42A3-9474-1A3956D46DE8}") = "tests", "tests", "{6CF13341-9A23-4614-9DC0-85F5624376C6}"
EndProject
Project("{9A19103F-16F7-4668-BE54-9A1E7A4F7556}") = "Cms.Domain", "src\Cms.Domain\Cms.Domain.csproj", "{ED9056BE-22A9-41F3-940D-BFF48CFB5EED}"
EndProject
Project("{9A19103F-16F7-4668-BE54-9A1E7A4F7556}") = "Cms.Infrastructure", "src\Cms.Infrastructure\Cms.Infrastructure.csproj", "{E8096697-F164-4CE6-AFF0-F3CCBBAD0842}"
EndProject
Project("{9A19103F-16F7-4668-BE54-9A1E7A4F7556}") = "Cms.API", "src\Cms.API\Cms.API.csproj", "{9B9D6691-3C49-45A5-BCDA-E51438A0DD82}"
EndProject
Project("{9A19103F-16F7-4668-BE54-9A1E7A4F7556}") = "Cms.Domain.UnitTests", "tests\Cms.Domain.UnitTests\Cms.Domain.UnitTests.csproj", "{DA1B6085-6640-4EC4-AE57-9093379C01A3}"
EndProject
Project("{9A19103F-16F7-4668-BE54-9A1E7A4F7556}") = "Cms.Infrastructure.UnitTests", "tests\Cms.Infrastructure.UnitTests\Cms.Infrastructure.UnitTests.csproj", "{9DDD22A2-6B64-452E-B8C6-0D47C81856E9}"
EndProject
Global
	GlobalSection(SolutionConfigurationPlatforms) = preSolution
		Debug|Any CPU = Debug|Any CPU
		Release|Any CPU = Release|Any CPU
	EndGlobalSection
	GlobalSection(ProjectConfigurationPlatforms) = postSolution
		{ED9056BE-22A9-41F3-940D-BFF48CFB5EED}.Debug|Any CPU.ActiveCfg = Debug|Any CPU
		{ED9056BE-22A9-41F3-940D-BFF48CFB5EED}.Debug|Any CPU.Build.0 = Debug|Any CPU
		{ED9056BE-22A9-41F3-940D-BFF48CFB5EED}.Release|Any CPU.ActiveCfg = Release|Any CPU
		{ED9056BE-22A9-41F3-940D-BFF48CFB5EED}.Release|Any CPU.Build.0 = Release|Any CPU
		{E8096697-F164-4CE6-AFF0-F3CCBBAD0842}.Debug|Any CPU.ActiveCfg = Debug|Any CPU
		{E8096697-F164-4CE6-AFF0-F3CCBBAD0842}.Debug|Any CPU.Build.0 = Debug|Any CPU
		{E8096697-F164-4CE6-AFF0-F3CCBBAD0842}.Release|Any CPU.ActiveCfg = Release|Any CPU
		{E8096697-F164-4CE6-AFF0-F3CCBBAD0842}.Release|Any CPU.Build.0 = Release|Any CPU
		{9B9D6691-3C49-45A5-BCDA-E51438A0DD82}.Debug|Any CPU.ActiveCfg = Debug|Any CPU
		{9B9D6691-3C49-45A5-BCDA-E51438A0DD82}.Debug|Any CPU.Build.0 = Debug|Any CPU
		{9B9D6691-3C49-45A5-BCDA-E51438A0DD82}.Release|Any CPU.ActiveCfg = Release|Any CPU
		{9B9D6691-3C49-45A5-BCDA-E51438A0DD82}.Release|Any CPU.Build.0 = Release|Any CPU
		{DA1B6085-6640-4EC4-AE57-9093379C01A3}.Debug|Any CPU.ActiveCfg = Debug|Any CPU
		{DA1B6085-6640-4EC4-AE57-9093379C01A3}.Debug|Any CPU.Build.0 = Debug|Any CPU
		{DA1B6085-6640-4EC4-AE57-9093379C01A3}.Release|Any CPU.ActiveCfg = Release|Any CPU
		{DA1B6085-6640-4EC4-AE57-9093379C01A3}.Release|Any CPU.Build.0 = Release|Any CPU
		{9DDD22A2-6B64-452E-B8C6-0D47C81856E9}.Debug|Any CPU.ActiveCfg = Debug|Any CPU
		{9DDD22A2-6B64-452E-B8C6-0D47C81856E9}.Debug|Any CPU.Build.0 = Debug|Any CPU
		{9DDD22A2-6B64-452E-B8C6-0D47C81856E9}.Release|Any CPU.ActiveCfg = Release|Any CPU
		{9DDD22A2-6B64-452E-B8C6-0D47C81856E9}.Release|Any CPU.Build.0 = Release|Any CPU
	EndGlobalSection
	GlobalSection(SolutionProperties) = preSolution
		HideSolutionNode = FALSE
	EndGlobalSection
	GlobalSection(NestedProjects) = preSolution
		{ED9056BE-22A9-41F3-940D-BFF48CFB5EED} = {B86E5AA1-1703-4118-8C20-F11B9034B4A1}
		{E8096697-F164-4CE6-AFF0-F3CCBBAD0842} = {B86E5AA1-1703-4118-8C20-F11B9034B4A1}
		{9B9D6691-3C49-45A5-BCDA-E51438A0DD82} = {B86E5AA1-1703-4118-8C20-F11B9034B4A1}
		{DA1B6085-6640-4EC4-AE57-9093379C01A3} = {6CF13341-9A23-4614-9DC0-85F5624376C6}
		{9DDD22A2-6B64-452E-B8C6-0D47C81856E9} = {6CF13341-9A23-4614-9DC0-85F5624376C6}
	EndGlobalSection
	GlobalSection(ExtensibilityGlobals) = postSolution
		SolutionGuid = {E4F7902E-34C5-4FA2-85A8-C320FB56C62F}
	EndGlobalSection
EndGlobal
